
Microsoft Visual Studio Solution File, Format Version 12.00
# Visual Studio Version 16
VisualStudioVersion = 16.0.30114.105
MinimumVisualStudioVersion = 10.0.40219.1
Project("{FAE04EC0-301F-11D3-BF4B-00C04F79EFBC}") = "Confab.Bootstrapper", "src\Bootstrapper\Confab.Bootstrapper\Confab.Bootstrapper.csproj", "{5B906463-9B63-4ED1-8085-665C4B68693A}"
EndProject
Project("{2150E333-8FDC-42A3-9474-1A3956D46DE8}") = "src", "src", "{BF888004-A257-4F86-B570-2C95E4F3448F}"
EndProject
Project("{2150E333-8FDC-42A3-9474-1A3956D46DE8}") = "tests", "tests", "{F7D3CCC1-615F-4246-907C-56A4B2536029}"
EndProject
Project("{2150E333-8FDC-42A3-9474-1A3956D46DE8}") = "Bootstrapper", "Bootstrapper", "{BD84EDFF-3193-4087-BB9C-5BA8B7809D3A}"
EndProject
Project("{2150E333-8FDC-42A3-9474-1A3956D46DE8}") = "Modules", "Modules", "{3034D19C-611E-4F8E-9FEF-A2042F084DD0}"
EndProject
Project("{2150E333-8FDC-42A3-9474-1A3956D46DE8}") = "Shared", "Shared", "{2E25FE0F-A026-4152-B663-9E32FE727A62}"
EndProject
Project("{FAE04EC0-301F-11D3-BF4B-00C04F79EFBC}") = "Confab.Shared.Abstractions", "src\Shared\Confab.Shared.Abstractions\Confab.Shared.Abstractions.csproj", "{BF55B482-B9CB-4D0C-A8A7-1C62E6CE64D2}"
EndProject
Project("{FAE04EC0-301F-11D3-BF4B-00C04F79EFBC}") = "Confab.Shared.Infrastructure", "src\Shared\Confab.Shared.Infrastructure\Confab.Shared.Infrastructure.csproj", "{045390FA-1BC9-4B4D-9497-3C11ED7EB027}"
EndProject
Project("{FAE04EC0-301F-11D3-BF4B-00C04F79EFBC}") = "Confab.Modules.Conferences.Api", "src\Modules\Conferences\Confab.Modules.Conferences.Api\Confab.Modules.Conferences.Api.csproj", "{73FF6570-FBE4-4383-A90F-73A2C4A8555D}"
EndProject
Project("{2150E333-8FDC-42A3-9474-1A3956D46DE8}") = "Conferences", "Conferences", "{2B1F58A8-791D-46B7-88DE-03D2699AA25E}"
EndProject
Project("{FAE04EC0-301F-11D3-BF4B-00C04F79EFBC}") = "Confab.Modules.Conferences.Core", "src\Modules\Conferences\Confab.Modules.Conferences.Core\Confab.Modules.Conferences.Core.csproj", "{E5BAD56E-B577-4C28-8EF2-D728A8B2A769}"
EndProject
Project("{2150E333-8FDC-42A3-9474-1A3956D46DE8}") = "Speakers", "Speakers", "{77FBC185-6FA1-4C45-A36F-EAFC1C086B81}"
EndProject
Project("{FAE04EC0-301F-11D3-BF4B-00C04F79EFBC}") = "Confab.Modules.Speakers.Api", "src\Modules\Speakers\Confab.Modules.Speakers.Api\Confab.Modules.Speakers.Api.csproj", "{85E5A719-4EC1-4263-A21D-DC009C34BC94}"
EndProject
Project("{FAE04EC0-301F-11D3-BF4B-00C04F79EFBC}") = "Confab.Modules.Speakers.Core", "src\Modules\Speakers\Confab.Modules.Speakers.Core\Confab.Modules.Speakers.Core.csproj", "{0F3F6F5E-D1D9-4A11-A304-E33CE49DB84A}"
EndProject
Global
	GlobalSection(SolutionConfigurationPlatforms) = preSolution
		Debug|Any CPU = Debug|Any CPU
		Release|Any CPU = Release|Any CPU
	EndGlobalSection
	GlobalSection(SolutionProperties) = preSolution
		HideSolutionNode = FALSE
	EndGlobalSection
	GlobalSection(ProjectConfigurationPlatforms) = postSolution
		{5B906463-9B63-4ED1-8085-665C4B68693A}.Debug|Any CPU.ActiveCfg = Debug|Any CPU
		{5B906463-9B63-4ED1-8085-665C4B68693A}.Debug|Any CPU.Build.0 = Debug|Any CPU
		{5B906463-9B63-4ED1-8085-665C4B68693A}.Release|Any CPU.ActiveCfg = Release|Any CPU
		{5B906463-9B63-4ED1-8085-665C4B68693A}.Release|Any CPU.Build.0 = Release|Any CPU
		{BF55B482-B9CB-4D0C-A8A7-1C62E6CE64D2}.Debug|Any CPU.ActiveCfg = Debug|Any CPU
		{BF55B482-B9CB-4D0C-A8A7-1C62E6CE64D2}.Debug|Any CPU.Build.0 = Debug|Any CPU
		{BF55B482-B9CB-4D0C-A8A7-1C62E6CE64D2}.Release|Any CPU.ActiveCfg = Release|Any CPU
		{BF55B482-B9CB-4D0C-A8A7-1C62E6CE64D2}.Release|Any CPU.Build.0 = Release|Any CPU
		{045390FA-1BC9-4B4D-9497-3C11ED7EB027}.Debug|Any CPU.ActiveCfg = Debug|Any CPU
		{045390FA-1BC9-4B4D-9497-3C11ED7EB027}.Debug|Any CPU.Build.0 = Debug|Any CPU
		{045390FA-1BC9-4B4D-9497-3C11ED7EB027}.Release|Any CPU.ActiveCfg = Release|Any CPU
		{045390FA-1BC9-4B4D-9497-3C11ED7EB027}.Release|Any CPU.Build.0 = Release|Any CPU
		{73FF6570-FBE4-4383-A90F-73A2C4A8555D}.Debug|Any CPU.ActiveCfg = Debug|Any CPU
		{73FF6570-FBE4-4383-A90F-73A2C4A8555D}.Debug|Any CPU.Build.0 = Debug|Any CPU
		{73FF6570-FBE4-4383-A90F-73A2C4A8555D}.Release|Any CPU.ActiveCfg = Release|Any CPU
		{73FF6570-FBE4-4383-A90F-73A2C4A8555D}.Release|Any CPU.Build.0 = Release|Any CPU
		{E5BAD56E-B577-4C28-8EF2-D728A8B2A769}.Debug|Any CPU.ActiveCfg = Debug|Any CPU
		{E5BAD56E-B577-4C28-8EF2-D728A8B2A769}.Debug|Any CPU.Build.0 = Debug|Any CPU
		{E5BAD56E-B577-4C28-8EF2-D728A8B2A769}.Release|Any CPU.ActiveCfg = Release|Any CPU
		{E5BAD56E-B577-4C28-8EF2-D728A8B2A769}.Release|Any CPU.Build.0 = Release|Any CPU
		{85E5A719-4EC1-4263-A21D-DC009C34BC94}.Debug|Any CPU.ActiveCfg = Debug|Any CPU
		{85E5A719-4EC1-4263-A21D-DC009C34BC94}.Debug|Any CPU.Build.0 = Debug|Any CPU
		{85E5A719-4EC1-4263-A21D-DC009C34BC94}.Release|Any CPU.ActiveCfg = Release|Any CPU
		{85E5A719-4EC1-4263-A21D-DC009C34BC94}.Release|Any CPU.Build.0 = Release|Any CPU
		{0F3F6F5E-D1D9-4A11-A304-E33CE49DB84A}.Debug|Any CPU.ActiveCfg = Debug|Any CPU
		{0F3F6F5E-D1D9-4A11-A304-E33CE49DB84A}.Debug|Any CPU.Build.0 = Debug|Any CPU
		{0F3F6F5E-D1D9-4A11-A304-E33CE49DB84A}.Release|Any CPU.ActiveCfg = Release|Any CPU
		{0F3F6F5E-D1D9-4A11-A304-E33CE49DB84A}.Release|Any CPU.Build.0 = Release|Any CPU
	EndGlobalSection
	GlobalSection(NestedProjects) = preSolution
		{BD84EDFF-3193-4087-BB9C-5BA8B7809D3A} = {BF888004-A257-4F86-B570-2C95E4F3448F}
		{3034D19C-611E-4F8E-9FEF-A2042F084DD0} = {BF888004-A257-4F86-B570-2C95E4F3448F}
		{2E25FE0F-A026-4152-B663-9E32FE727A62} = {BF888004-A257-4F86-B570-2C95E4F3448F}
		{5B906463-9B63-4ED1-8085-665C4B68693A} = {BD84EDFF-3193-4087-BB9C-5BA8B7809D3A}
		{BF55B482-B9CB-4D0C-A8A7-1C62E6CE64D2} = {2E25FE0F-A026-4152-B663-9E32FE727A62}
		{045390FA-1BC9-4B4D-9497-3C11ED7EB027} = {2E25FE0F-A026-4152-B663-9E32FE727A62}
		{2B1F58A8-791D-46B7-88DE-03D2699AA25E} = {3034D19C-611E-4F8E-9FEF-A2042F084DD0}
		{73FF6570-FBE4-4383-A90F-73A2C4A8555D} = {2B1F58A8-791D-46B7-88DE-03D2699AA25E}
		{E5BAD56E-B577-4C28-8EF2-D728A8B2A769} = {2B1F58A8-791D-46B7-88DE-03D2699AA25E}
		{77FBC185-6FA1-4C45-A36F-EAFC1C086B81} = {3034D19C-611E-4F8E-9FEF-A2042F084DD0}
		{85E5A719-4EC1-4263-A21D-DC009C34BC94} = {77FBC185-6FA1-4C45-A36F-EAFC1C086B81}
		{0F3F6F5E-D1D9-4A11-A304-E33CE49DB84A} = {77FBC185-6FA1-4C45-A36F-EAFC1C086B81}
	EndGlobalSection
EndGlobal
